{
  "requires": true,
  "lockfileVersion": 1,
  "dependencies": {
    "@ckeditor/ckeditor5-build-classic": {
      "version": "12.0.0",
      "resolved": "https://registry.npmjs.org/@ckeditor/ckeditor5-build-classic/-/ckeditor5-build-classic-12.0.0.tgz",
      "integrity": "sha512-BdD7+u3obrWuPC2kxG/JBXBrtohfPbCzLrNOYE0ITe7qokqmzvfY4WAMwPuI2wBwbuHzuPeGJCnWvjQZgtRZoQ=="
    },
    "@ckeditor/ckeditor5-react": {
      "version": "1.1.1",
      "resolved": "https://registry.npmjs.org/@ckeditor/ckeditor5-react/-/ckeditor5-react-1.1.1.tgz",
      "integrity": "sha512-5BB15RU4aAg8axKiHqZQTtCgTxuRl2N+EyA/rLBnb7/RikElwRvFEGgMPciwBAPFGY26Y++Ln0M2zFcjRCRx+Q==",
      "requires": {
        "prop-types": "^15.6.1"
      }
    },
    "@ckeditor/ckeditor5-utils": {
      "version": "12.0.0",
      "resolved": "https://registry.npmjs.org/@ckeditor/ckeditor5-utils/-/ckeditor5-utils-12.0.0.tgz",
      "integrity": "sha512-x5K184tQTIIxzAEcnwghyZ4IRVCCDypSYby+B9a3yzY8Iy3/RdwmpY98VvuH4R6cU0qVo5sfDiyV+JBVSkxOQg==",
      "requires": {
        "ckeditor5": "^12.0.0",
        "lodash-es": "^4.17.10"
      }
    },
    "ckeditor5": {
      "version": "12.0.0",
      "resolved": "https://registry.npmjs.org/ckeditor5/-/ckeditor5-12.0.0.tgz",
      "integrity": "sha512-h4JZCzSB5mWz1eypbs60HK4i0FnlfaREqdG6IXDuJGrage6z24ZpgHDlBDiWzh2RDWHtlCvKzRcKPBhwnUFDZQ=="
    },
    "js-tokens": {
      "version": "4.0.0",
      "resolved": "https://registry.npmjs.org/js-tokens/-/js-tokens-4.0.0.tgz",
      "integrity": "sha512-RdJUflcE3cUzKiMqQgsCu06FPu9UdIJO0beYbPhHN4k6apgJtifcoCtT9bcxOpYBtpD2kCM6Sbzg4CausW/PKQ=="
    },
    "lodash-es": {
      "version": "4.17.11",
      "resolved": "https://registry.npmjs.org/lodash-es/-/lodash-es-4.17.11.tgz",
      "integrity": "sha512-DHb1ub+rMjjrxqlB3H56/6MXtm1lSksDp2rA2cNWjG8mlDUYFhUj3Di2Zn5IwSU87xLv8tNIQ7sSwE/YOX/D/Q=="
    },
    "loose-envify": {
      "version": "1.4.0",
      "resolved": "https://registry.npmjs.org/loose-envify/-/loose-envify-1.4.0.tgz",
      "integrity": "sha512-lyuxPGr/Wfhrlem2CL/UcnUc1zcqKAImBDzukY7Y5F/yQiNdko6+fRLevlw1HgMySw7f611UIY408EtxRSoK3Q==",
      "requires": {
        "js-tokens": "^3.0.0 || ^4.0.0"
      }
    },
    "object-assign": {
      "version": "4.1.1",
      "resolved": "https://registry.npmjs.org/object-assign/-/object-assign-4.1.1.tgz",
      "integrity": "sha1-IQmtx5ZYh8/AXLvUQsrIv7s2CGM="
    },
    "prop-types": {
      "version": "15.7.2",
      "resolved": "https://registry.npmjs.org/prop-types/-/prop-types-15.7.2.tgz",
      "integrity": "sha512-8QQikdH7//R2vurIJSutZ1smHYTcLpRWEOlHnzcWHmBYrOGUysKwSsrC89BCiFj3CbrfJ/nXFdJepOVrY1GCHQ==",
      "requires": {
        "loose-envify": "^1.4.0",
        "object-assign": "^4.1.1",
        "react-is": "^16.8.1"
      }
    },
    "react-is": {
      "version": "16.8.4",
      "resolved": "https://registry.npmjs.org/react-is/-/react-is-16.8.4.tgz",
      "integrity": "sha512-PVadd+WaUDOAciICm/J1waJaSvgq+4rHE/K70j0PFqKhkTBsPv/82UGQJNXAngz1fOQLLxI6z1sEDmJDQhCTAA=="
    }
  }
}
