{
	"name": "umi-plugin-polyfill",
	"version": "0.2.0",
	"lockfileVersion": 1,
	"requires": true,
	"dependencies": {
		"core-js": {
			"version": "2.5.7",
			"resolved": "http://registry.npm.taobao.org/core-js/download/core-js-2.5.7.tgz",
			"integrity": "sha1-+XJgj/DOrWi4QaFqky0LGDeRgU4="
		},
		"performance-now": {
			"version": "2.1.0",
			"resolved": "http://registry.npm.taobao.org/performance-now/download/performance-now-2.1.0.tgz",
			"integrity": "sha1-Ywn04OX6kT7BxpMHrjZLSzd8nns="
		},
		"raf": {
			"version": "3.4.0",
			"resolved": "http://registry.npm.taobao.org/raf/download/raf-3.4.0.tgz",
			"integrity": "sha1-ooh2iBtLwsqRF9QTgWPduA94FXU=",
			"requires": {
				"performance-now": "2.1.0"
			}
		},
		"setprototypeof": {
			"version": "1.1.0",
			"resolved": "http://registry.npm.taobao.org/setprototypeof/download/setprototypeof-1.1.0.tgz",
			"integrity": "sha1-0L2FU2iHtv58DYGMuWLZ2RxU5lY="
		}
	}
}
