{
	"name": "umi-plugin-locale",
	"version": "2.0.0-beta.2",
	"lockfileVersion": 1,
	"requires": true,
	"dependencies": {
		"intl-format-cache": {
			"version": "2.1.0",
			"resolved": "http://registry.npm.taobao.org/intl-format-cache/download/intl-format-cache-2.1.0.tgz",
			"integrity": "sha1-BKNp/sv61tpgBbrh8UMzMy3PkxY="
		},
		"intl-messageformat": {
			"version": "2.2.0",
			"resolved": "http://registry.npm.taobao.org/intl-messageformat/download/intl-messageformat-2.2.0.tgz",
			"integrity": "sha1-NFvNRt5jC3aDMwwuUhd/9eq0hPw=",
			"requires": {
				"intl-messageformat-parser": "1.4.0"
			}
		},
		"intl-messageformat-parser": {
			"version": "1.4.0",
			"resolved": "http://registry.npm.taobao.org/intl-messageformat-parser/download/intl-messageformat-parser-1.4.0.tgz",
			"integrity": "sha1-tD1FqXRoytvkQzHXS7Ho3qRPwHU="
		},
		"intl-relativeformat": {
			"version": "2.1.0",
			"resolved": "http://registry.npm.taobao.org/intl-relativeformat/download/intl-relativeformat-2.1.0.tgz",
			"integrity": "sha1-AQ8RBYAiUfQKxH0OPhogE0iiVd8=",
			"requires": {
				"intl-messageformat": "2.2.0"
			}
		},
		"invariant": {
			"version": "2.2.4",
			"resolved": "http://registry.npm.taobao.org/invariant/download/invariant-2.2.4.tgz",
			"integrity": "sha1-YQ88ksk1nOHbYW5TgAjSP/NRWOY=",
			"requires": {
				"loose-envify": "1.4.0"
			}
		},
		"js-tokens": {
			"version": "4.0.0",
			"resolved": "http://registry.npm.taobao.org/js-tokens/download/js-tokens-4.0.0.tgz",
			"integrity": "sha1-GSA/tZmR35jjoocFDUZHzerzJJk="
		},
		"loose-envify": {
			"version": "1.4.0",
			"resolved": "http://registry.npm.taobao.org/loose-envify/download/loose-envify-1.4.0.tgz",
			"integrity": "sha1-ce5R+nvkyuwaY4OffmgtgTLTDK8=",
			"requires": {
				"js-tokens": "4.0.0"
			}
		},
		"object-assign": {
			"version": "4.1.1",
			"resolved": "http://registry.npm.taobao.org/object-assign/download/object-assign-4.1.1.tgz",
			"integrity": "sha1-IQmtx5ZYh8/AXLvUQsrIv7s2CGM="
		},
		"prop-types": {
			"version": "15.6.2",
			"resolved": "http://registry.npm.taobao.org/prop-types/download/prop-types-15.6.2.tgz",
			"integrity": "sha1-BdXKd7RFPphdYPx/+MhZCUpJcQI=",
			"requires": {
				"loose-envify": "1.4.0",
				"object-assign": "4.1.1"
			}
		},
		"react-intl": {
			"version": "2.4.0",
			"resolved": "http://registry.npm.taobao.org/react-intl/download/react-intl-2.4.0.tgz",
			"integrity": "sha1-ZsFNyd+ac7L7v71gIXJugKYT6xU=",
			"requires": {
				"intl-format-cache": "2.1.0",
				"intl-messageformat": "2.2.0",
				"intl-relativeformat": "2.1.0",
				"invariant": "2.2.4"
			}
		}
	}
}
